
Microsoft Visual Studio Solution File, Format Version 12.00
# Visual Studio Version 17
VisualStudioVersion = 17.6.33712.159
MinimumVisualStudioVersion = 10.0.40219.1
Project("{FAE04EC0-301F-11D3-BF4B-00C04F79EFBC}") = "KI_BIN_PICK_C#", "KI_BIN_PICK_C#\KI_BIN_PICK_C#.csproj", "{CF7FDFBF-7846-4FD7-B44F-21C3E4A6148F}"
EndProject
Global
	GlobalSection(SolutionConfigurationPlatforms) = preSolution
		Debug|Any CPU = Debug|Any CPU
		Release|Any CPU = Release|Any CPU
	EndGlobalSection
	GlobalSection(ProjectConfigurationPlatforms) = postSolution
		{CF7FDFBF-7846-4FD7-B44F-21C3E4A6148F}.Debug|Any CPU.ActiveCfg = Debug|Any CPU
		{CF7FDFBF-7846-4FD7-B44F-21C3E4A6148F}.Debug|Any CPU.Build.0 = Debug|Any CPU
		{CF7FDFBF-7846-4FD7-B44F-21C3E4A6148F}.Release|Any CPU.ActiveCfg = Release|Any CPU
		{CF7FDFBF-7846-4FD7-B44F-21C3E4A6148F}.Release|Any CPU.Build.0 = Release|Any CPU
	EndGlobalSection
	GlobalSection(SolutionProperties) = preSolution
		HideSolutionNode = FALSE
	EndGlobalSection
	GlobalSection(ExtensibilityGlobals) = postSolution
		SolutionGuid = {9FEF682F-5B31-4F7D-9C56-97B4ABA54945}
	EndGlobalSection
EndGlobal
